
Microsoft Visual Studio Solution File, Format Version 12.00
# Visual Studio Version 17
VisualStudioVersion = 17.0.31903.59
MinimumVisualStudioVersion = 10.0.40219.1
Project("{9A19103F-16F7-4668-BE54-9A1E7A4F7556}") = "Cooler.Client", "Cooler.Client\Cooler.Client.csproj", "{8F73FF52-F7E0-4D74-9902-81381D6FD9F9}"
EndProject
Project("{FAE04EC0-301F-11D3-BF4B-00C04F79EFBC}") = "Cooler.Client.Providers", "Cooler.Client.Providers\Cooler.Client.Providers.csproj", "{6E6E1882-F955-4EB0-8397-D5316E8E5F9A}"
EndProject
Project("{FAE04EC0-301F-11D3-BF4B-00C04F79EFBC}") = "Cooler.ClientTests", "Cooler.ClientTests\Cooler.ClientTests.csproj", "{04F5C49C-ABE2-45A9-8479-1DCE4E47322A}"
EndProject
Project("{FAE04EC0-301F-11D3-BF4B-00C04F79EFBC}") = "Cooler.Plus.Installer", "Cooler.Plus.Installer\Cooler.Plus.Installer.csproj", "{E3624C43-6887-4B9B-B71F-05A1479D7505}"
EndProject
Project("{FAE04EC0-301F-11D3-BF4B-00C04F79EFBC}") = "Cooler.Client.Tester", "Cooler.Client.Tester\Cooler.Client.Tester.csproj", "{875D2F6E-9CBB-45CE-9400-BD559AE05EE2}"
EndProject
Project("{FAE04EC0-301F-11D3-BF4B-00C04F79EFBC}") = "Cooler", "Cooler\Cooler.csproj", "{4317FDD6-158A-4195-8CCA-FA60252CD396}"
EndProject
Project("{FAE04EC0-301F-11D3-BF4B-00C04F79EFBC}") = "Cooler.Plus.Metro", "Cooler.Plus.Metro\Cooler.Plus.Metro.csproj", "{875C0836-C598-4507-A634-4CA97D6F76F5}"
EndProject
Global
	GlobalSection(SolutionConfigurationPlatforms) = preSolution
		Debug|Any CPU = Debug|Any CPU
		Debug|x64 = Debug|x64
		Release|Any CPU = Release|Any CPU
		Release|x64 = Release|x64
	EndGlobalSection
	GlobalSection(ProjectConfigurationPlatforms) = postSolution
		{8F73FF52-F7E0-4D74-9902-81381D6FD9F9}.Debug|Any CPU.ActiveCfg = Debug|Any CPU
		{8F73FF52-F7E0-4D74-9902-81381D6FD9F9}.Debug|Any CPU.Build.0 = Debug|Any CPU
		{8F73FF52-F7E0-4D74-9902-81381D6FD9F9}.Debug|x64.ActiveCfg = Debug|Any CPU
		{8F73FF52-F7E0-4D74-9902-81381D6FD9F9}.Debug|x64.Build.0 = Debug|Any CPU
		{8F73FF52-F7E0-4D74-9902-81381D6FD9F9}.Release|Any CPU.ActiveCfg = Release|Any CPU
		{8F73FF52-F7E0-4D74-9902-81381D6FD9F9}.Release|Any CPU.Build.0 = Release|Any CPU
		{8F73FF52-F7E0-4D74-9902-81381D6FD9F9}.Release|x64.ActiveCfg = Release|Any CPU
		{8F73FF52-F7E0-4D74-9902-81381D6FD9F9}.Release|x64.Build.0 = Release|Any CPU
		{6E6E1882-F955-4EB0-8397-D5316E8E5F9A}.Debug|Any CPU.ActiveCfg = Debug|Any CPU
		{6E6E1882-F955-4EB0-8397-D5316E8E5F9A}.Debug|Any CPU.Build.0 = Debug|Any CPU
		{6E6E1882-F955-4EB0-8397-D5316E8E5F9A}.Debug|x64.ActiveCfg = Debug|Any CPU
		{6E6E1882-F955-4EB0-8397-D5316E8E5F9A}.Debug|x64.Build.0 = Debug|Any CPU
		{6E6E1882-F955-4EB0-8397-D5316E8E5F9A}.Release|Any CPU.ActiveCfg = Release|Any CPU
		{6E6E1882-F955-4EB0-8397-D5316E8E5F9A}.Release|Any CPU.Build.0 = Release|Any CPU
		{6E6E1882-F955-4EB0-8397-D5316E8E5F9A}.Release|x64.ActiveCfg = Release|Any CPU
		{6E6E1882-F955-4EB0-8397-D5316E8E5F9A}.Release|x64.Build.0 = Release|Any CPU
		{04F5C49C-ABE2-45A9-8479-1DCE4E47322A}.Debug|Any CPU.ActiveCfg = Debug|Any CPU
		{04F5C49C-ABE2-45A9-8479-1DCE4E47322A}.Debug|Any CPU.Build.0 = Debug|Any CPU
		{04F5C49C-ABE2-45A9-8479-1DCE4E47322A}.Debug|x64.ActiveCfg = Debug|Any CPU
		{04F5C49C-ABE2-45A9-8479-1DCE4E47322A}.Debug|x64.Build.0 = Debug|Any CPU
		{04F5C49C-ABE2-45A9-8479-1DCE4E47322A}.Release|Any CPU.ActiveCfg = Release|Any CPU
		{04F5C49C-ABE2-45A9-8479-1DCE4E47322A}.Release|Any CPU.Build.0 = Release|Any CPU
		{04F5C49C-ABE2-45A9-8479-1DCE4E47322A}.Release|x64.ActiveCfg = Release|Any CPU
		{04F5C49C-ABE2-45A9-8479-1DCE4E47322A}.Release|x64.Build.0 = Release|Any CPU
		{E3624C43-6887-4B9B-B71F-05A1479D7505}.Debug|Any CPU.ActiveCfg = Debug|Any CPU
		{E3624C43-6887-4B9B-B71F-05A1479D7505}.Debug|Any CPU.Build.0 = Debug|Any CPU
		{E3624C43-6887-4B9B-B71F-05A1479D7505}.Debug|x64.ActiveCfg = Debug|x64
		{E3624C43-6887-4B9B-B71F-05A1479D7505}.Debug|x64.Build.0 = Debug|x64
		{E3624C43-6887-4B9B-B71F-05A1479D7505}.Release|Any CPU.ActiveCfg = Release|Any CPU
		{E3624C43-6887-4B9B-B71F-05A1479D7505}.Release|Any CPU.Build.0 = Release|Any CPU
		{E3624C43-6887-4B9B-B71F-05A1479D7505}.Release|x64.ActiveCfg = Release|x64
		{E3624C43-6887-4B9B-B71F-05A1479D7505}.Release|x64.Build.0 = Release|x64
		{875D2F6E-9CBB-45CE-9400-BD559AE05EE2}.Debug|Any CPU.ActiveCfg = Debug|Any CPU
		{875D2F6E-9CBB-45CE-9400-BD559AE05EE2}.Debug|Any CPU.Build.0 = Debug|Any CPU
		{875D2F6E-9CBB-45CE-9400-BD559AE05EE2}.Debug|x64.ActiveCfg = Debug|Any CPU
		{875D2F6E-9CBB-45CE-9400-BD559AE05EE2}.Debug|x64.Build.0 = Debug|Any CPU
		{875D2F6E-9CBB-45CE-9400-BD559AE05EE2}.Release|Any CPU.ActiveCfg = Release|Any CPU
		{875D2F6E-9CBB-45CE-9400-BD559AE05EE2}.Release|Any CPU.Build.0 = Release|Any CPU
		{875D2F6E-9CBB-45CE-9400-BD559AE05EE2}.Release|x64.ActiveCfg = Release|Any CPU
		{875D2F6E-9CBB-45CE-9400-BD559AE05EE2}.Release|x64.Build.0 = Release|Any CPU
		{4317FDD6-158A-4195-8CCA-FA60252CD396}.Debug|Any CPU.ActiveCfg = Debug|Any CPU
		{4317FDD6-158A-4195-8CCA-FA60252CD396}.Debug|Any CPU.Build.0 = Debug|Any CPU
		{4317FDD6-158A-4195-8CCA-FA60252CD396}.Debug|x64.ActiveCfg = Debug|x64
		{4317FDD6-158A-4195-8CCA-FA60252CD396}.Debug|x64.Build.0 = Debug|x64
		{4317FDD6-158A-4195-8CCA-FA60252CD396}.Release|Any CPU.ActiveCfg = Release|Any CPU
		{4317FDD6-158A-4195-8CCA-FA60252CD396}.Release|Any CPU.Build.0 = Release|Any CPU
		{4317FDD6-158A-4195-8CCA-FA60252CD396}.Release|x64.ActiveCfg = Release|x64
		{4317FDD6-158A-4195-8CCA-FA60252CD396}.Release|x64.Build.0 = Release|x64
		{875C0836-C598-4507-A634-4CA97D6F76F5}.Debug|Any CPU.ActiveCfg = Debug|Any CPU
		{875C0836-C598-4507-A634-4CA97D6F76F5}.Debug|Any CPU.Build.0 = Debug|Any CPU
		{875C0836-C598-4507-A634-4CA97D6F76F5}.Debug|x64.ActiveCfg = Debug|x64
		{875C0836-C598-4507-A634-4CA97D6F76F5}.Debug|x64.Build.0 = Debug|x64
		{875C0836-C598-4507-A634-4CA97D6F76F5}.Release|Any CPU.ActiveCfg = Release|Any CPU
		{875C0836-C598-4507-A634-4CA97D6F76F5}.Release|Any CPU.Build.0 = Release|Any CPU
		{875C0836-C598-4507-A634-4CA97D6F76F5}.Release|x64.ActiveCfg = Release|x64
		{875C0836-C598-4507-A634-4CA97D6F76F5}.Release|x64.Build.0 = Release|x64
	EndGlobalSection
	GlobalSection(SolutionProperties) = preSolution
		HideSolutionNode = FALSE
	EndGlobalSection
	GlobalSection(ExtensibilityGlobals) = postSolution
		SolutionGuid = {E82F9FDE-999A-4CCE-BAAD-EF699D12AC2E}
	EndGlobalSection
EndGlobal
